<?xml version="1.0" encoding="utf-8"?>
<Project ToolsVersion="4.0" xmlns="http://schemas.microsoft.com/developer/msbuild/2003">
  <ItemGroup>
    <Filter Include="소스 파일">
      <UniqueIdentifier>{4FC737F1-C7A5-4376-A066-2A32D752A2FF}</UniqueIdentifier>
      <Extensions>cpp;c;cc;cxx;c++;cppm;ixx;def;odl;idl;hpj;bat;asm;asmx</Extensions>
    </Filter>
    <Filter Include="헤더 파일">
      <UniqueIdentifier>{93995380-89BD-4b04-88EB-625FBE52EBFB}</UniqueIdentifier>
      <Extensions>h;hh;hpp;hxx;h++;hm;inl;inc;ipp;xsd</Extensions>
    </Filter>
    <Filter Include="리소스 파일">
      <UniqueIdentifier>{67DA6AB6-F800-4c08-8B7A-83BB121AAD01}</UniqueIdentifier>
      <Extensions>rc;ico;cur;bmp;dlg;rc2;rct;bin;rgs;gif;jpg;jpeg;jpe;resx;tiff;tif;png;wav;mfcribbon-ms</Extensions>
    </Filter>
    <Filter Include="소스 파일\Bell">
      <UniqueIdentifier>{ab12e2d1-ffd5-44ff-9267-7cf5c537d4d2}</UniqueIdentifier>
    </Filter>
    <Filter Include="소스 파일\Card">
      <UniqueIdentifier>{d0e2ced8-98f6-4c09-b14e-aa984f1c8bd3}</UniqueIdentifier>
    </Filter>
    <Filter Include="헤더 파일\Bell">
      <UniqueIdentifier>{c41dcb79-9505-4b24-b174-5ee604a19350}</UniqueIdentifier>
    </Filter>
    <Filter Include="헤더 파일\Card">
      <UniqueIdentifier>{f989f167-0b8e-4bb0-ba38-57d461fdb74b}</UniqueIdentifier>
    </Filter>
    <Filter Include="헤더 파일\TableDeck">
      <UniqueIdentifier>{9e378e5a-0041-47c1-a1fb-828e1171fcf8}</UniqueIdentifier>
    </Filter>
    <Filter Include="소스 파일\TableDeck">
      <UniqueIdentifier>{6393f1e8-a44d-4da2-9d54-f1b95599c8af}</UniqueIdentifier>
    </Filter>
    <Filter Include="소스 파일\FrontCards">
      <UniqueIdentifier>{027dd35e-b8cd-4bef-ace6-eac23d53e2a3}</UniqueIdentifier>
    </Filter>
    <Filter Include="헤더 파일\FrontCards">
      <UniqueIdentifier>{43efa1f5-9779-4639-98d0-8a1d700136fd}</UniqueIdentifier>
    </Filter>
    <Filter Include="헤더 파일\Exceptions">
      <UniqueIdentifier>{2ded6aed-b599-49a2-b4fc-6f728b229fcf}</UniqueIdentifier>
    </Filter>
    <Filter Include="헤더 파일\PlayerDeck">
      <UniqueIdentifier>{81620448-8701-42e2-8392-1f22b3ccff21}</UniqueIdentifier>
    </Filter>
    <Filter Include="소스 파일\PlayerDeck">
      <UniqueIdentifier>{7f2505c2-df61-4040-988a-afcc481bc7ef}</UniqueIdentifier>
    </Filter>
    <Filter Include="헤더 파일\GameStatusManager">
      <UniqueIdentifier>{d8152a97-07f2-4354-a584-0d5dbce6f6b4}</UniqueIdentifier>
    </Filter>
    <Filter Include="소스 파일\GameStatusManager">
      <UniqueIdentifier>{c9697025-ee1f-44a0-9144-6c3d0bfaad3c}</UniqueIdentifier>
    </Filter>
    <Filter Include="소스 파일\Messages">
      <UniqueIdentifier>{96689ca0-a95a-498e-9bbe-037461cc7527}</UniqueIdentifier>
    </Filter>
    <Filter Include="헤더 파일\Server">
      <UniqueIdentifier>{e1bcff2f-3135-4c83-9e95-2d503ab3d3b7}</UniqueIdentifier>
    </Filter>
    <Filter Include="소스 파일\Server">
      <UniqueIdentifier>{3b58ff22-4e73-4eea-b6cc-38a80213d2b1}</UniqueIdentifier>
    </Filter>
    <Filter Include="헤더 파일\Socket">
      <UniqueIdentifier>{7b97b40d-0ea2-4f9c-8f51-b7c6130ff625}</UniqueIdentifier>
    </Filter>
    <Filter Include="소스 파일\Socket">
      <UniqueIdentifier>{9dd0be81-40d9-4299-8221-c57e4e2de18c}</UniqueIdentifier>
    </Filter>
    <Filter Include="헤더 파일\Message">
      <UniqueIdentifier>{b5668cfd-fff3-459b-a6e4-45fc86eba7bb}</UniqueIdentifier>
    </Filter>
    <Filter Include="헤더 파일\GameCreator">
      <UniqueIdentifier>{44d7a38c-1f2b-4d31-bfc1-bef42d18b3f9}</UniqueIdentifier>
    </Filter>
    <Filter Include="소스 파일\GameCreator">
      <UniqueIdentifier>{da62d5dc-853e-46dd-b546-8b68a1d95e7d}</UniqueIdentifier>
    </Filter>
    <Filter Include="헤더 파일\PlayerManager">
      <UniqueIdentifier>{175b98c1-d1ff-4d7f-ac16-f236b2a1f0e9}</UniqueIdentifier>
    </Filter>
    <Filter Include="헤더 파일\Room">
      <UniqueIdentifier>{4a4fe914-0c5a-4aa1-a9ce-02da940e8476}</UniqueIdentifier>
    </Filter>
    <Filter Include="소스 파일\Room">
      <UniqueIdentifier>{346712fc-5c94-4bad-bc0b-75c23c99df51}</UniqueIdentifier>
    </Filter>
    <Filter Include="헤더 파일\Player">
      <UniqueIdentifier>{55fc4943-d75b-42b1-b46c-68a38846d79d}</UniqueIdentifier>
    </Filter>
    <Filter Include="소스 파일\PlayerManager">
      <UniqueIdentifier>{fe0dcc54-89ea-4694-8392-7c54fedfafb1}</UniqueIdentifier>
    </Filter>
    <Filter Include="소스 파일\Player">
      <UniqueIdentifier>{882aa448-5c00-4986-bf82-8b56751fc423}</UniqueIdentifier>
    </Filter>
    <Filter Include="헤더 파일\Lobby">
      <UniqueIdentifier>{2cbb4867-8d35-4798-b635-65b74e8a9b83}</UniqueIdentifier>
    </Filter>
    <Filter Include="헤더 파일\ResponseMessage">
      <UniqueIdentifier>{b27518b9-a636-4375-a369-17470866d23d}</UniqueIdentifier>
    </Filter>
    <Filter Include="헤더 파일\Request">
      <UniqueIdentifier>{34253acd-8ca8-43c7-a8d2-af82666414e5}</UniqueIdentifier>
    </Filter>
    <Filter Include="헤더 파일\SocketPlayerManager">
      <UniqueIdentifier>{c2cc9e60-ce1d-4bee-81c9-043e40fddb6a}</UniqueIdentifier>
    </Filter>
    <Filter Include="소스 파일\Lobby">
      <UniqueIdentifier>{cd17377b-273f-482f-bc62-a6f894cbb7a0}</UniqueIdentifier>
    </Filter>
    <Filter Include="소스 파일\SocketPlayerManger">
      <UniqueIdentifier>{28548dd8-d63a-4070-8452-bd7d6efa58b2}</UniqueIdentifier>
    </Filter>
    <Filter Include="소스 파일\Request">
      <UniqueIdentifier>{53430ef3-0304-465a-b8f4-2213ba017379}</UniqueIdentifier>
    </Filter>
    <Filter Include="헤더 파일\Game">
      <UniqueIdentifier>{5550fe8f-39a5-4aba-aae4-391909197b09}</UniqueIdentifier>
    </Filter>
    <Filter Include="소스 파일\Game">
      <UniqueIdentifier>{885d7111-c682-499d-85f7-290ac389c516}</UniqueIdentifier>
    </Filter>
  </ItemGroup>
  <ItemGroup>
    <ClCompile Include="main.cpp">
      <Filter>소스 파일</Filter>
    </ClCompile>
    <ClCompile Include="CardImpl.cpp">
      <Filter>소스 파일\Card</Filter>
    </ClCompile>
    <ClCompile Include="BellImpl.cpp">
      <Filter>소스 파일\Bell</Filter>
    </ClCompile>
    <ClCompile Include="MockBell.cpp">
      <Filter>소스 파일\Bell</Filter>
    </ClCompile>
    <ClCompile Include="TableDeckImpl.cpp">
      <Filter>소스 파일\TableDeck</Filter>
    </ClCompile>
    <ClCompile Include="MockTableDeck.cpp">
      <Filter>소스 파일\TableDeck</Filter>
    </ClCompile>
    <ClCompile Include="FrontCardsImpl.cpp">
      <Filter>소스 파일\FrontCards</Filter>
    </ClCompile>
    <ClCompile Include="PlayerDeckImpl.cpp">
      <Filter>소스 파일\PlayerDeck</Filter>
    </ClCompile>
    <ClCompile Include="GameStatusManagerImpl.cpp">
      <Filter>소스 파일\GameStatusManager</Filter>
    </ClCompile>
    <ClCompile Include="GameImpl.cpp">
      <Filter>소스 파일\Game</Filter>
    </ClCompile>
    <ClCompile Include="ServerImpl.cpp">
      <Filter>소스 파일\Server</Filter>
    </ClCompile>
    <ClCompile Include="TcpSocket.cpp">
      <Filter>소스 파일\Socket</Filter>
    </ClCompile>
    <ClCompile Include="GameCreatorImpl.cpp">
      <Filter>소스 파일\GameCreator</Filter>
    </ClCompile>
    <ClCompile Include="ResponseMessage.cpp">
      <Filter>소스 파일\Messages</Filter>
    </ClCompile>
    <ClCompile Include="RoomImpl.cpp">
      <Filter>소스 파일\Room</Filter>
    </ClCompile>
    <ClCompile Include="SocketPlayerManager.cpp">
      <Filter>소스 파일\SocketPlayerManger</Filter>
    </ClCompile>
    <ClCompile Include="PlayerManagerImpl.cpp">
      <Filter>소스 파일\PlayerManager</Filter>
    </ClCompile>
    <ClCompile Include="Ready.cpp">
      <Filter>소스 파일\Request</Filter>
    </ClCompile>
    <ClCompile Include="Unready.cpp">
      <Filter>소스 파일\Request</Filter>
    </ClCompile>
    <ClCompile Include="ExitRoom.cpp">
      <Filter>소스 파일\Request</Filter>
    </ClCompile>
    <ClCompile Include="FindRoom.cpp">
      <Filter>소스 파일\Request</Filter>
    </ClCompile>
    <ClCompile Include="CardRevealed.cpp">
      <Filter>소스 파일\Request</Filter>
    </ClCompile>
    <ClCompile Include="GameStart.cpp">
      <Filter>소스 파일\Request</Filter>
    </ClCompile>
    <ClCompile Include="JoinRoom.cpp">
      <Filter>소스 파일\Request</Filter>
    </ClCompile>
    <ClCompile Include="PenaltyGiven.cpp">
      <Filter>소스 파일\Request</Filter>
    </ClCompile>
    <ClCompile Include="PressBell.cpp">
      <Filter>소스 파일\Request</Filter>
    </ClCompile>
    <ClCompile Include="CreateRoom.cpp">
      <Filter>소스 파일\Request</Filter>
    </ClCompile>
    <ClCompile Include="RoomPlayerImpl.cpp">
      <Filter>소스 파일\Player</Filter>
    </ClCompile>
    <ClCompile Include="GamePlayerImpl.cpp">
      <Filter>소스 파일\Player</Filter>
    </ClCompile>
    <ClCompile Include="GameMessage.h">
      <Filter>헤더 파일\ResponseMessage</Filter>
    </ClCompile>
    <ClCompile Include="Lobby.cpp">
      <Filter>소스 파일\Lobby</Filter>
    </ClCompile>
    <ClCompile Include="RoomInfoMessage.cpp">
      <Filter>소스 파일\Messages</Filter>
    </ClCompile>
    <ClCompile Include="GameMessage.cpp">
      <Filter>소스 파일</Filter>
    </ClCompile>
  </ItemGroup>
  <ItemGroup>
    <ClInclude Include="main.h">
      <Filter>헤더 파일</Filter>
    </ClInclude>
    <ClInclude Include="IBell.h">
      <Filter>헤더 파일\Bell</Filter>
    </ClInclude>
    <ClInclude Include="BellImpl.h">
      <Filter>헤더 파일\Bell</Filter>
    </ClInclude>
    <ClInclude Include="ICard.h">
      <Filter>헤더 파일\Card</Filter>
    </ClInclude>
    <ClInclude Include="CardImpl.h">
      <Filter>헤더 파일\Card</Filter>
    </ClInclude>
    <ClInclude Include="Fruit.h">
      <Filter>헤더 파일\Card</Filter>
    </ClInclude>
    <ClInclude Include="MockBell.h">
      <Filter>헤더 파일\Bell</Filter>
    </ClInclude>
    <ClInclude Include="ITableDeck.h">
      <Filter>헤더 파일\TableDeck</Filter>
    </ClInclude>
    <ClInclude Include="TableDeckImpl.h">
      <Filter>헤더 파일\TableDeck</Filter>
    </ClInclude>
    <ClInclude Include="MockTableDeck.h">
      <Filter>헤더 파일\TableDeck</Filter>
    </ClInclude>
    <ClInclude Include="IFrontCards.h">
      <Filter>헤더 파일\FrontCards</Filter>
    </ClInclude>
    <ClInclude Include="FrontCardsImpl.h">
      <Filter>헤더 파일\FrontCards</Filter>
    </ClInclude>
    <ClInclude Include="Exception.h">
      <Filter>헤더 파일\Exceptions</Filter>
    </ClInclude>
    <ClInclude Include="IPlayerDeck.h">
      <Filter>헤더 파일\PlayerDeck</Filter>
    </ClInclude>
    <ClInclude Include="PlayerDeckImpl.h">
      <Filter>헤더 파일\PlayerDeck</Filter>
    </ClInclude>
    <ClInclude Include="IGameStatusManager.h">
      <Filter>헤더 파일\GameStatusManager</Filter>
    </ClInclude>
    <ClInclude Include="GameStatusManagerImpl.h">
      <Filter>헤더 파일\GameStatusManager</Filter>
    </ClInclude>
    <ClInclude Include="IGame.h">
      <Filter>헤더 파일\Game</Filter>
    </ClInclude>
    <ClInclude Include="GameImpl.h">
      <Filter>헤더 파일\Game</Filter>
    </ClInclude>
    <ClInclude Include="IServer.h">
      <Filter>헤더 파일\Server</Filter>
    </ClInclude>
    <ClInclude Include="ServerImpl.h">
      <Filter>헤더 파일\Server</Filter>
    </ClInclude>
    <ClInclude Include="ISocket.h">
      <Filter>헤더 파일\Socket</Filter>
    </ClInclude>
    <ClInclude Include="TcpSocket.h">
      <Filter>헤더 파일\Socket</Filter>
    </ClInclude>
    <ClInclude Include="Message.h">
      <Filter>헤더 파일\Message</Filter>
    </ClInclude>
    <ClInclude Include="ResponseMessage.h">
      <Filter>헤더 파일\Message</Filter>
    </ClInclude>
    <ClInclude Include="GameCreatorImpl.h">
      <Filter>헤더 파일\GameCreator</Filter>
    </ClInclude>
    <ClInclude Include="IGameCreator.h">
      <Filter>헤더 파일\GameCreator</Filter>
    </ClInclude>
    <ClInclude Include="ResponseStatus.h">
      <Filter>헤더 파일\Message</Filter>
    </ClInclude>
    <ClInclude Include="Action.h">
      <Filter>헤더 파일\Message</Filter>
    </ClInclude>
    <ClInclude Include="SocketPlayerManager.h">
      <Filter>헤더 파일\SocketPlayerManager</Filter>
    </ClInclude>
    <ClInclude Include="IPlayerManager.h">
      <Filter>헤더 파일\PlayerManager</Filter>
    </ClInclude>
    <ClInclude Include="IRoom.h">
      <Filter>헤더 파일\Room</Filter>
    </ClInclude>
    <ClInclude Include="IGamePlayer.h">
      <Filter>헤더 파일\Player</Filter>
    </ClInclude>
    <ClInclude Include="RoomImpl.h">
      <Filter>헤더 파일\Room</Filter>
    </ClInclude>
    <ClInclude Include="IRoomPlayer.h">
      <Filter>헤더 파일\Player</Filter>
    </ClInclude>
    <ClInclude Include="Role.h">
      <Filter>헤더 파일\PlayerManager</Filter>
    </ClInclude>
    <ClInclude Include="ParsingException.h">
      <Filter>헤더 파일\Exceptions</Filter>
    </ClInclude>
    <ClInclude Include="Request.h">
      <Filter>헤더 파일\Request</Filter>
    </ClInclude>
    <ClInclude Include="CreateRoom.h">
      <Filter>헤더 파일\Request</Filter>
    </ClInclude>
    <ClInclude Include="FindRoom.h">
      <Filter>헤더 파일\Request</Filter>
    </ClInclude>
    <ClInclude Include="JoinRoom.h">
      <Filter>헤더 파일\Request</Filter>
    </ClInclude>
    <ClInclude Include="ExitRoom.h">
      <Filter>헤더 파일\Request</Filter>
    </ClInclude>
    <ClInclude Include="Ready.h">
      <Filter>헤더 파일\Request</Filter>
    </ClInclude>
    <ClInclude Include="GameStart.h">
      <Filter>헤더 파일\Request</Filter>
    </ClInclude>
    <ClInclude Include="CardRevealed.h">
      <Filter>헤더 파일\Request</Filter>
    </ClInclude>
    <ClInclude Include="PressBell.h">
      <Filter>헤더 파일\Request</Filter>
    </ClInclude>
    <ClInclude Include="PenaltyGiven.h">
      <Filter>헤더 파일\Request</Filter>
    </ClInclude>
    <ClInclude Include="PlayerManagerImpl.h">
      <Filter>헤더 파일\PlayerManager</Filter>
    </ClInclude>
    <ClInclude Include="Player.h">
      <Filter>헤더 파일\Player</Filter>
    </ClInclude>
    <ClInclude Include="GamePlayerImpl.h">
      <Filter>헤더 파일\Player</Filter>
    </ClInclude>
    <ClInclude Include="RoomPlayerImpl.h">
      <Filter>헤더 파일\Player</Filter>
    </ClInclude>
    <ClInclude Include="Unready.h">
      <Filter>헤더 파일\Request</Filter>
    </ClInclude>
    <ClInclude Include="Lobby.h">
      <Filter>헤더 파일\Lobby</Filter>
    </ClInclude>
    <ClInclude Include="PlayerEnter.h">
      <Filter>헤더 파일\Request</Filter>
    </ClInclude>
    <ClInclude Include="PlayerExit.h">
      <Filter>헤더 파일\Request</Filter>
    </ClInclude>
    <ClInclude Include="RoomInfoMessage.h">
      <Filter>헤더 파일\Message</Filter>
    </ClInclude>
  </ItemGroup>
  <ItemGroup>
    <None Include="packages.config" />
  </ItemGroup>
</Project>