<?xml version="1.0" encoding="utf-8"?>
<Project ToolsVersion="4.0" xmlns="http://schemas.microsoft.com/developer/msbuild/2003">
  <ItemGroup>
    <Filter Include="소스 파일">
      <UniqueIdentifier>{4FC737F1-C7A5-4376-A066-2A32D752A2FF}</UniqueIdentifier>
      <Extensions>cpp;c;cc;cxx;c++;cppm;ixx;def;odl;idl;hpj;bat;asm;asmx</Extensions>
    </Filter>
    <Filter Include="헤더 파일">
      <UniqueIdentifier>{93995380-89BD-4b04-88EB-625FBE52EBFB}</UniqueIdentifier>
      <Extensions>h;hh;hpp;hxx;h++;hm;inl;inc;ipp;xsd</Extensions>
    </Filter>
    <Filter Include="리소스 파일">
      <UniqueIdentifier>{67DA6AB6-F800-4c08-8B7A-83BB121AAD01}</UniqueIdentifier>
      <Extensions>rc;ico;cur;bmp;dlg;rc2;rct;bin;rgs;gif;jpg;jpeg;jpe;resx;tiff;tif;png;wav;mfcribbon-ms</Extensions>
    </Filter>
    <Filter Include="소스 파일\Bell">
      <UniqueIdentifier>{ab12e2d1-ffd5-44ff-9267-7cf5c537d4d2}</UniqueIdentifier>
    </Filter>
    <Filter Include="소스 파일\Card">
      <UniqueIdentifier>{d0e2ced8-98f6-4c09-b14e-aa984f1c8bd3}</UniqueIdentifier>
    </Filter>
    <Filter Include="소스 파일\Deck">
      <UniqueIdentifier>{6393f1e8-a44d-4da2-9d54-f1b95599c8af}</UniqueIdentifier>
    </Filter>
    <Filter Include="헤더 파일\Bell">
      <UniqueIdentifier>{c41dcb79-9505-4b24-b174-5ee604a19350}</UniqueIdentifier>
    </Filter>
    <Filter Include="헤더 파일\Deck">
      <UniqueIdentifier>{70e07573-f0ff-4356-be5a-ebe49b01ccaf}</UniqueIdentifier>
    </Filter>
    <Filter Include="헤더 파일\Card">
      <UniqueIdentifier>{f989f167-0b8e-4bb0-ba38-57d461fdb74b}</UniqueIdentifier>
    </Filter>
  </ItemGroup>
  <ItemGroup>
    <ClCompile Include="main.cpp">
      <Filter>소스 파일</Filter>
    </ClCompile>
    <ClCompile Include="CardImpl.cpp">
      <Filter>소스 파일\Card</Filter>
    </ClCompile>
    <ClCompile Include="DeckImpl.cpp">
      <Filter>소스 파일\Deck</Filter>
    </ClCompile>
    <ClCompile Include="MockDeck.cpp">
      <Filter>소스 파일\Deck</Filter>
    </ClCompile>
    <ClCompile Include="BellImpl.cpp">
      <Filter>소스 파일\Bell</Filter>
    </ClCompile>
    <ClCompile Include="MockBell.cpp">
      <Filter>소스 파일\Bell</Filter>
    </ClCompile>
  </ItemGroup>
  <ItemGroup>
    <ClInclude Include="main.h">
      <Filter>헤더 파일</Filter>
    </ClInclude>
    <ClInclude Include="IBell.h">
      <Filter>헤더 파일\Bell</Filter>
    </ClInclude>
    <ClInclude Include="BellImpl.h">
      <Filter>헤더 파일\Bell</Filter>
    </ClInclude>
    <ClInclude Include="IDeck.h">
      <Filter>헤더 파일\Deck</Filter>
    </ClInclude>
    <ClInclude Include="ICard.h">
      <Filter>헤더 파일\Card</Filter>
    </ClInclude>
    <ClInclude Include="CardImpl.h">
      <Filter>헤더 파일\Card</Filter>
    </ClInclude>
    <ClInclude Include="DeckImpl.h">
      <Filter>헤더 파일\Deck</Filter>
    </ClInclude>
    <ClInclude Include="Fruit.h">
      <Filter>헤더 파일\Card</Filter>
    </ClInclude>
    <ClInclude Include="MockDeck.h">
      <Filter>헤더 파일\Deck</Filter>
    </ClInclude>
    <ClInclude Include="MockBell.h">
      <Filter>헤더 파일\Bell</Filter>
    </ClInclude>
  </ItemGroup>
  <ItemGroup>
    <None Include="packages.config" />
  </ItemGroup>
</Project>